// !$*UTF8*$!
{
	archiveVersion = 1;
	classes = {
	};
	objectVersion = 56;
	objects = {

/* Begin PBXBuildFile section */
		1CE187F82CADC673005FE9D8 /* Learning_SwiftUIApp.swift in Sources */ = {isa = PBXBuildFile; fileRef = 1CE187F72CADC673005FE9D8 /* Learning_SwiftUIApp.swift */; };
		1CE187FA2CADC673005FE9D8 /* ContentView.swift in Sources */ = {isa = PBXBuildFile; fileRef = 1CE187F92CADC673005FE9D8 /* ContentView.swift */; };
		1CE187FC2CADC674005FE9D8 /* Assets.xcassets in Resources */ = {isa = PBXBuildFile; fileRef = 1CE187FB2CADC674005FE9D8 /* Assets.xcassets */; };
		1CE187FF2CADC674005FE9D8 /* Preview Assets.xcassets in Resources */ = {isa = PBXBuildFile; fileRef = 1CE187FE2CADC674005FE9D8 /* Preview Assets.xcassets */; };
		1CE188062CADC80A005FE9D8 /* TextBootCamp.swift in Sources */ = {isa = PBXBuildFile; fileRef = 1CE188052CADC80A005FE9D8 /* TextBootCamp.swift */; };
		1CE188082CAE283A005FE9D8 /* ShapesBootCamp.swift in Sources */ = {isa = PBXBuildFile; fileRef = 1CE188072CAE283A005FE9D8 /* ShapesBootCamp.swift */; };
		1CEA05B32CAE2E22001A5256 /* ColorsBootCamp.swift in Sources */ = {isa = PBXBuildFile; fileRef = 1CEA05B22CAE2E22001A5256 /* ColorsBootCamp.swift */; };
		1CEA05B62CAE332D001A5256 /* GradientBootCamp.swift in Sources */ = {isa = PBXBuildFile; fileRef = 1CEA05B52CAE332D001A5256 /* GradientBootCamp.swift */; };
		1CEA05B82CB0437A001A5256 /* SystemIconBootCamp.swift in Sources */ = {isa = PBXBuildFile; fileRef = 1CEA05B72CB0437A001A5256 /* SystemIconBootCamp.swift */; };
		1CEA05BA2CB046C2001A5256 /* ImageBootCamp.swift in Sources */ = {isa = PBXBuildFile; fileRef = 1CEA05B92CB046C2001A5256 /* ImageBootCamp.swift */; };
		1CEA05BC2CB06ED3001A5256 /* FrameBootCamp.swift in Sources */ = {isa = PBXBuildFile; fileRef = 1CEA05BB2CB06ED3001A5256 /* FrameBootCamp.swift */; };
		1CEA05BE2CB071AE001A5256 /* BackgroundAndOverlayBootCamp.swift in Sources */ = {isa = PBXBuildFile; fileRef = 1CEA05BD2CB071AE001A5256 /* BackgroundAndOverlayBootCamp.swift */; };
		1CEA05C02CB0D4B6001A5256 /* StacksBootCamp.swift in Sources */ = {isa = PBXBuildFile; fileRef = 1CEA05BF2CB0D4B6001A5256 /* StacksBootCamp.swift */; };
		1CEA05C22CB5BA4C001A5256 /* PaddingBootCamp.swift in Sources */ = {isa = PBXBuildFile; fileRef = 1CEA05C12CB5BA4C001A5256 /* PaddingBootCamp.swift */; };
		1CEA05C42CB6DE5A001A5256 /* SpacerBootCamp.swift in Sources */ = {isa = PBXBuildFile; fileRef = 1CEA05C32CB6DE5A001A5256 /* SpacerBootCamp.swift */; };
		1CEA05C62CB8AD61001A5256 /* ForEachBootCamp.swift in Sources */ = {isa = PBXBuildFile; fileRef = 1CEA05C52CB8AD61001A5256 /* ForEachBootCamp.swift */; };
		1CEA05C82CB8B664001A5256 /* ScrollViewBootCamp.swift in Sources */ = {isa = PBXBuildFile; fileRef = 1CEA05C72CB8B664001A5256 /* ScrollViewBootCamp.swift */; };
		1CEA05CA2CB9DB8F001A5256 /* GridBootCamp.swift in Sources */ = {isa = PBXBuildFile; fileRef = 1CEA05C92CB9DB8F001A5256 /* GridBootCamp.swift */; };
		1CEA05CC2CC7F9A3001A5256 /* SafeAreaBootCamp.swift in Sources */ = {isa = PBXBuildFile; fileRef = 1CEA05CB2CC7F9A3001A5256 /* SafeAreaBootCamp.swift */; };
		1CEA05CE2CC805FD001A5256 /* AddButtonsBootCamp.swift in Sources */ = {isa = PBXBuildFile; fileRef = 1CEA05CD2CC805FD001A5256 /* AddButtonsBootCamp.swift */; };
		1CEA05D02CC95125001A5256 /* AnimationBootCamp.swift in Sources */ = {isa = PBXBuildFile; fileRef = 1CEA05CF2CC95125001A5256 /* AnimationBootCamp.swift */; };
/* End PBXBuildFile section */

/* Begin PBXFileReference section */
		1CE187F42CADC673005FE9D8 /* Learning-SwiftUI.app */ = {isa = PBXFileReference; explicitFileType = wrapper.application; includeInIndex = 0; path = "Learning-SwiftUI.app"; sourceTree = BUILT_PRODUCTS_DIR; };
		1CE187F72CADC673005FE9D8 /* Learning_SwiftUIApp.swift */ = {isa = PBXFileReference; lastKnownFileType = sourcecode.swift; path = Learning_SwiftUIApp.swift; sourceTree = "<group>"; };
		1CE187F92CADC673005FE9D8 /* ContentView.swift */ = {isa = PBXFileReference; lastKnownFileType = sourcecode.swift; path = ContentView.swift; sourceTree = "<group>"; };
		1CE187FB2CADC674005FE9D8 /* Assets.xcassets */ = {isa = PBXFileReference; lastKnownFileType = folder.assetcatalog; path = Assets.xcassets; sourceTree = "<group>"; };
		1CE187FE2CADC674005FE9D8 /* Preview Assets.xcassets */ = {isa = PBXFileReference; lastKnownFileType = folder.assetcatalog; path = "Preview Assets.xcassets"; sourceTree = "<group>"; };
		1CE188052CADC80A005FE9D8 /* TextBootCamp.swift */ = {isa = PBXFileReference; lastKnownFileType = sourcecode.swift; path = TextBootCamp.swift; sourceTree = "<group>"; };
		1CE188072CAE283A005FE9D8 /* ShapesBootCamp.swift */ = {isa = PBXFileReference; lastKnownFileType = sourcecode.swift; path = ShapesBootCamp.swift; sourceTree = "<group>"; };
		1CEA05B22CAE2E22001A5256 /* ColorsBootCamp.swift */ = {isa = PBXFileReference; lastKnownFileType = sourcecode.swift; path = ColorsBootCamp.swift; sourceTree = "<group>"; };
		1CEA05B52CAE332D001A5256 /* GradientBootCamp.swift */ = {isa = PBXFileReference; lastKnownFileType = sourcecode.swift; path = GradientBootCamp.swift; sourceTree = "<group>"; };
		1CEA05B72CB0437A001A5256 /* SystemIconBootCamp.swift */ = {isa = PBXFileReference; lastKnownFileType = sourcecode.swift; path = SystemIconBootCamp.swift; sourceTree = "<group>"; };
		1CEA05B92CB046C2001A5256 /* ImageBootCamp.swift */ = {isa = PBXFileReference; lastKnownFileType = sourcecode.swift; path = ImageBootCamp.swift; sourceTree = "<group>"; };
		1CEA05BB2CB06ED3001A5256 /* FrameBootCamp.swift */ = {isa = PBXFileReference; lastKnownFileType = sourcecode.swift; path = FrameBootCamp.swift; sourceTree = "<group>"; };
		1CEA05BD2CB071AE001A5256 /* BackgroundAndOverlayBootCamp.swift */ = {isa = PBXFileReference; lastKnownFileType = sourcecode.swift; path = BackgroundAndOverlayBootCamp.swift; sourceTree = "<group>"; };
		1CEA05BF2CB0D4B6001A5256 /* StacksBootCamp.swift */ = {isa = PBXFileReference; lastKnownFileType = sourcecode.swift; path = StacksBootCamp.swift; sourceTree = "<group>"; };
		1CEA05C12CB5BA4C001A5256 /* PaddingBootCamp.swift */ = {isa = PBXFileReference; lastKnownFileType = sourcecode.swift; path = PaddingBootCamp.swift; sourceTree = "<group>"; };
		1CEA05C32CB6DE5A001A5256 /* SpacerBootCamp.swift */ = {isa = PBXFileReference; lastKnownFileType = sourcecode.swift; path = SpacerBootCamp.swift; sourceTree = "<group>"; };
		1CEA05C52CB8AD61001A5256 /* ForEachBootCamp.swift */ = {isa = PBXFileReference; lastKnownFileType = sourcecode.swift; path = ForEachBootCamp.swift; sourceTree = "<group>"; };
		1CEA05C72CB8B664001A5256 /* ScrollViewBootCamp.swift */ = {isa = PBXFileReference; lastKnownFileType = sourcecode.swift; path = ScrollViewBootCamp.swift; sourceTree = "<group>"; };
		1CEA05C92CB9DB8F001A5256 /* GridBootCamp.swift */ = {isa = PBXFileReference; lastKnownFileType = sourcecode.swift; path = GridBootCamp.swift; sourceTree = "<group>"; };
		1CEA05CB2CC7F9A3001A5256 /* SafeAreaBootCamp.swift */ = {isa = PBXFileReference; lastKnownFileType = sourcecode.swift; path = SafeAreaBootCamp.swift; sourceTree = "<group>"; };
		1CEA05CD2CC805FD001A5256 /* AddButtonsBootCamp.swift */ = {isa = PBXFileReference; lastKnownFileType = sourcecode.swift; path = AddButtonsBootCamp.swift; sourceTree = "<group>"; };
		1CEA05CF2CC95125001A5256 /* AnimationBootCamp.swift */ = {isa = PBXFileReference; lastKnownFileType = sourcecode.swift; path = AnimationBootCamp.swift; sourceTree = "<group>"; };
/* End PBXFileReference section */

/* Begin PBXFrameworksBuildPhase section */
		1CE187F12CADC673005FE9D8 /* Frameworks */ = {
			isa = PBXFrameworksBuildPhase;
			buildActionMask = 2147483647;
			files = (
			);
			runOnlyForDeploymentPostprocessing = 0;
		};
/* End PBXFrameworksBuildPhase section */

/* Begin PBXGroup section */
		1CE187EB2CADC673005FE9D8 = {
			isa = PBXGroup;
			children = (
				1CE187F62CADC673005FE9D8 /* Learning-SwiftUI */,
				1CE187F52CADC673005FE9D8 /* Products */,
			);
			sourceTree = "<group>";
		};
		1CE187F52CADC673005FE9D8 /* Products */ = {
			isa = PBXGroup;
			children = (
				1CE187F42CADC673005FE9D8 /* Learning-SwiftUI.app */,
			);
			name = Products;
			sourceTree = "<group>";
		};
		1CE187F62CADC673005FE9D8 /* Learning-SwiftUI */ = {
			isa = PBXGroup;
			children = (
				1CE187F72CADC673005FE9D8 /* Learning_SwiftUIApp.swift */,
				1CE187F92CADC673005FE9D8 /* ContentView.swift */,
				1CE187FB2CADC674005FE9D8 /* Assets.xcassets */,
				1CE187FD2CADC674005FE9D8 /* Preview Content */,
				1CEA05B42CAE32E9001A5256 /* BootCamps */,
			);
			path = "Learning-SwiftUI";
			sourceTree = "<group>";
		};
		1CE187FD2CADC674005FE9D8 /* Preview Content */ = {
			isa = PBXGroup;
			children = (
				1CE187FE2CADC674005FE9D8 /* Preview Assets.xcassets */,
			);
			path = "Preview Content";
			sourceTree = "<group>";
		};
		1CEA05B42CAE32E9001A5256 /* BootCamps */ = {
			isa = PBXGroup;
			children = (
				1CE188052CADC80A005FE9D8 /* TextBootCamp.swift */,
				1CE188072CAE283A005FE9D8 /* ShapesBootCamp.swift */,
				1CEA05B22CAE2E22001A5256 /* ColorsBootCamp.swift */,
				1CEA05B52CAE332D001A5256 /* GradientBootCamp.swift */,
				1CEA05B72CB0437A001A5256 /* SystemIconBootCamp.swift */,
				1CEA05B92CB046C2001A5256 /* ImageBootCamp.swift */,
				1CEA05BB2CB06ED3001A5256 /* FrameBootCamp.swift */,
				1CEA05BD2CB071AE001A5256 /* BackgroundAndOverlayBootCamp.swift */,
				1CEA05BF2CB0D4B6001A5256 /* StacksBootCamp.swift */,
				1CEA05C12CB5BA4C001A5256 /* PaddingBootCamp.swift */,
				1CEA05C32CB6DE5A001A5256 /* SpacerBootCamp.swift */,
				1CEA05C52CB8AD61001A5256 /* ForEachBootCamp.swift */,
				1CEA05C72CB8B664001A5256 /* ScrollViewBootCamp.swift */,
				1CEA05C92CB9DB8F001A5256 /* GridBootCamp.swift */,
				1CEA05CB2CC7F9A3001A5256 /* SafeAreaBootCamp.swift */,
				1CEA05CD2CC805FD001A5256 /* AddButtonsBootCamp.swift */,
				1CEA05CF2CC95125001A5256 /* AnimationBootCamp.swift */,
			);
			path = BootCamps;
			sourceTree = "<group>";
		};
/* End PBXGroup section */

/* Begin PBXNativeTarget section */
		1CE187F32CADC673005FE9D8 /* Learning-SwiftUI */ = {
			isa = PBXNativeTarget;
			buildConfigurationList = 1CE188022CADC674005FE9D8 /* Build configuration list for PBXNativeTarget "Learning-SwiftUI" */;
			buildPhases = (
				1CE187F02CADC673005FE9D8 /* Sources */,
				1CE187F12CADC673005FE9D8 /* Frameworks */,
				1CE187F22CADC673005FE9D8 /* Resources */,
			);
			buildRules = (
			);
			dependencies = (
			);
			name = "Learning-SwiftUI";
			productName = "Learning-SwiftUI";
			productReference = 1CE187F42CADC673005FE9D8 /* Learning-SwiftUI.app */;
			productType = "com.apple.product-type.application";
		};
/* End PBXNativeTarget section */

/* Begin PBXProject section */
		1CE187EC2CADC673005FE9D8 /* Project object */ = {
			isa = PBXProject;
			attributes = {
				BuildIndependentTargetsInParallel = 1;
				LastSwiftUpdateCheck = 1420;
				LastUpgradeCheck = 1420;
				TargetAttributes = {
					1CE187F32CADC673005FE9D8 = {
						CreatedOnToolsVersion = 14.2;
					};
				};
			};
			buildConfigurationList = 1CE187EF2CADC673005FE9D8 /* Build configuration list for PBXProject "Learning-SwiftUI" */;
			compatibilityVersion = "Xcode 14.0";
			developmentRegion = en;
			hasScannedForEncodings = 0;
			knownRegions = (
				en,
				Base,
			);
			mainGroup = 1CE187EB2CADC673005FE9D8;
			productRefGroup = 1CE187F52CADC673005FE9D8 /* Products */;
			projectDirPath = "";
			projectRoot = "";
			targets = (
				1CE187F32CADC673005FE9D8 /* Learning-SwiftUI */,
			);
		};
/* End PBXProject section */

/* Begin PBXResourcesBuildPhase section */
		1CE187F22CADC673005FE9D8 /* Resources */ = {
			isa = PBXResourcesBuildPhase;
			buildActionMask = 2147483647;
			files = (
				1CE187FF2CADC674005FE9D8 /* Preview Assets.xcassets in Resources */,
				1CE187FC2CADC674005FE9D8 /* Assets.xcassets in Resources */,
			);
			runOnlyForDeploymentPostprocessing = 0;
		};
/* End PBXResourcesBuildPhase section */

/* Begin PBXSourcesBuildPhase section */
		1CE187F02CADC673005FE9D8 /* Sources */ = {
			isa = PBXSourcesBuildPhase;
			buildActionMask = 2147483647;
			files = (
				1CEA05C22CB5BA4C001A5256 /* PaddingBootCamp.swift in Sources */,
				1CEA05B32CAE2E22001A5256 /* ColorsBootCamp.swift in Sources */,
				1CEA05CE2CC805FD001A5256 /* AddButtonsBootCamp.swift in Sources */,
				1CEA05C82CB8B664001A5256 /* ScrollViewBootCamp.swift in Sources */,
				1CE188082CAE283A005FE9D8 /* ShapesBootCamp.swift in Sources */,
				1CEA05B82CB0437A001A5256 /* SystemIconBootCamp.swift in Sources */,
				1CEA05BE2CB071AE001A5256 /* BackgroundAndOverlayBootCamp.swift in Sources */,
				1CE187FA2CADC673005FE9D8 /* ContentView.swift in Sources */,
				1CEA05C42CB6DE5A001A5256 /* SpacerBootCamp.swift in Sources */,
				1CEA05CA2CB9DB8F001A5256 /* GridBootCamp.swift in Sources */,
				1CE187F82CADC673005FE9D8 /* Learning_SwiftUIApp.swift in Sources */,
				1CEA05B62CAE332D001A5256 /* GradientBootCamp.swift in Sources */,
				1CEA05BA2CB046C2001A5256 /* ImageBootCamp.swift in Sources */,
				1CEA05C02CB0D4B6001A5256 /* StacksBootCamp.swift in Sources */,
				1CEA05C62CB8AD61001A5256 /* ForEachBootCamp.swift in Sources */,
				1CE188062CADC80A005FE9D8 /* TextBootCamp.swift in Sources */,
				1CEA05CC2CC7F9A3001A5256 /* SafeAreaBootCamp.swift in Sources */,
				1CEA05D02CC95125001A5256 /* AnimationBootCamp.swift in Sources */,
				1CEA05BC2CB06ED3001A5256 /* FrameBootCamp.swift in Sources */,
			);
			runOnlyForDeploymentPostprocessing = 0;
		};
/* End PBXSourcesBuildPhase section */

/* Begin XCBuildConfiguration section */
		1CE188002CADC674005FE9D8 /* Debug */ = {
			isa = XCBuildConfiguration;
			buildSettings = {
				ALWAYS_SEARCH_USER_PATHS = NO;
				CLANG_ANALYZER_NONNULL = YES;
				CLANG_ANALYZER_NUMBER_OBJECT_CONVERSION = YES_AGGRESSIVE;
				CLANG_CXX_LANGUAGE_STANDARD = "gnu++20";
				CLANG_ENABLE_MODULES = YES;
				CLANG_ENABLE_OBJC_ARC = YES;
				CLANG_ENABLE_OBJC_WEAK = YES;
				CLANG_WARN_BLOCK_CAPTURE_AUTORELEASING = YES;
				CLANG_WARN_BOOL_CONVERSION = YES;
				CLANG_WARN_COMMA = YES;
				CLANG_WARN_CONSTANT_CONVERSION = YES;
				CLANG_WARN_DEPRECATED_OBJC_IMPLEMENTATIONS = YES;
				CLANG_WARN_DIRECT_OBJC_ISA_USAGE = YES_ERROR;
				CLANG_WARN_DOCUMENTATION_COMMENTS = YES;
				CLANG_WARN_EMPTY_BODY = YES;
				CLANG_WARN_ENUM_CONVERSION = YES;
				CLANG_WARN_INFINITE_RECURSION = YES;
				CLANG_WARN_INT_CONVERSION = YES;
				CLANG_WARN_NON_LITERAL_NULL_CONVERSION = YES;
				CLANG_WARN_OBJC_IMPLICIT_RETAIN_SELF = YES;
				CLANG_WARN_OBJC_LITERAL_CONVERSION = YES;
				CLANG_WARN_OBJC_ROOT_CLASS = YES_ERROR;
				CLANG_WARN_QUOTED_INCLUDE_IN_FRAMEWORK_HEADER = YES;
				CLANG_WARN_RANGE_LOOP_ANALYSIS = YES;
				CLANG_WARN_STRICT_PROTOTYPES = YES;
				CLANG_WARN_SUSPICIOUS_MOVE = YES;
				CLANG_WARN_UNGUARDED_AVAILABILITY = YES_AGGRESSIVE;
				CLANG_WARN_UNREACHABLE_CODE = YES;
				CLANG_WARN__DUPLICATE_METHOD_MATCH = YES;
				COPY_PHASE_STRIP = NO;
				DEBUG_INFORMATION_FORMAT = dwarf;
				ENABLE_STRICT_OBJC_MSGSEND = YES;
				ENABLE_TESTABILITY = YES;
				GCC_C_LANGUAGE_STANDARD = gnu11;
				GCC_DYNAMIC_NO_PIC = NO;
				GCC_NO_COMMON_BLOCKS = YES;
				GCC_OPTIMIZATION_LEVEL = 0;
				GCC_PREPROCESSOR_DEFINITIONS = (
					"DEBUG=1",
					"$(inherited)",
				);
				GCC_WARN_64_TO_32_BIT_CONVERSION = YES;
				GCC_WARN_ABOUT_RETURN_TYPE = YES_ERROR;
				GCC_WARN_UNDECLARED_SELECTOR = YES;
				GCC_WARN_UNINITIALIZED_AUTOS = YES_AGGRESSIVE;
				GCC_WARN_UNUSED_FUNCTION = YES;
				GCC_WARN_UNUSED_VARIABLE = YES;
				IPHONEOS_DEPLOYMENT_TARGET = 16.2;
				MTL_ENABLE_DEBUG_INFO = INCLUDE_SOURCE;
				MTL_FAST_MATH = YES;
				ONLY_ACTIVE_ARCH = YES;
				SDKROOT = iphoneos;
				SWIFT_ACTIVE_COMPILATION_CONDITIONS = DEBUG;
				SWIFT_OPTIMIZATION_LEVEL = "-Onone";
			};
			name = Debug;
		};
		1CE188012CADC674005FE9D8 /* Release */ = {
			isa = XCBuildConfiguration;
			buildSettings = {
				ALWAYS_SEARCH_USER_PATHS = NO;
				CLANG_ANALYZER_NONNULL = YES;
				CLANG_ANALYZER_NUMBER_OBJECT_CONVERSION = YES_AGGRESSIVE;
				CLANG_CXX_LANGUAGE_STANDARD = "gnu++20";
				CLANG_ENABLE_MODULES = YES;
				CLANG_ENABLE_OBJC_ARC = YES;
				CLANG_ENABLE_OBJC_WEAK = YES;
				CLANG_WARN_BLOCK_CAPTURE_AUTORELEASING = YES;
				CLANG_WARN_BOOL_CONVERSION = YES;
				CLANG_WARN_COMMA = YES;
				CLANG_WARN_CONSTANT_CONVERSION = YES;
				CLANG_WARN_DEPRECATED_OBJC_IMPLEMENTATIONS = YES;
				CLANG_WARN_DIRECT_OBJC_ISA_USAGE = YES_ERROR;
				CLANG_WARN_DOCUMENTATION_COMMENTS = YES;
				CLANG_WARN_EMPTY_BODY = YES;
				CLANG_WARN_ENUM_CONVERSION = YES;
				CLANG_WARN_INFINITE_RECURSION = YES;
				CLANG_WARN_INT_CONVERSION = YES;
				CLANG_WARN_NON_LITERAL_NULL_CONVERSION = YES;
				CLANG_WARN_OBJC_IMPLICIT_RETAIN_SELF = YES;
				CLANG_WARN_OBJC_LITERAL_CONVERSION = YES;
				CLANG_WARN_OBJC_ROOT_CLASS = YES_ERROR;
				CLANG_WARN_QUOTED_INCLUDE_IN_FRAMEWORK_HEADER = YES;
				CLANG_WARN_RANGE_LOOP_ANALYSIS = YES;
				CLANG_WARN_STRICT_PROTOTYPES = YES;
				CLANG_WARN_SUSPICIOUS_MOVE = YES;
				CLANG_WARN_UNGUARDED_AVAILABILITY = YES_AGGRESSIVE;
				CLANG_WARN_UNREACHABLE_CODE = YES;
				CLANG_WARN__DUPLICATE_METHOD_MATCH = YES;
				COPY_PHASE_STRIP = NO;
				DEBUG_INFORMATION_FORMAT = "dwarf-with-dsym";
				ENABLE_NS_ASSERTIONS = NO;
				ENABLE_STRICT_OBJC_MSGSEND = YES;
				GCC_C_LANGUAGE_STANDARD = gnu11;
				GCC_NO_COMMON_BLOCKS = YES;
				GCC_WARN_64_TO_32_BIT_CONVERSION = YES;
				GCC_WARN_ABOUT_RETURN_TYPE = YES_ERROR;
				GCC_WARN_UNDECLARED_SELECTOR = YES;
				GCC_WARN_UNINITIALIZED_AUTOS = YES_AGGRESSIVE;
				GCC_WARN_UNUSED_FUNCTION = YES;
				GCC_WARN_UNUSED_VARIABLE = YES;
				IPHONEOS_DEPLOYMENT_TARGET = 16.2;
				MTL_ENABLE_DEBUG_INFO = NO;
				MTL_FAST_MATH = YES;
				SDKROOT = iphoneos;
				SWIFT_COMPILATION_MODE = wholemodule;
				SWIFT_OPTIMIZATION_LEVEL = "-O";
				VALIDATE_PRODUCT = YES;
			};
			name = Release;
		};
		1CE188032CADC674005FE9D8 /* Debug */ = {
			isa = XCBuildConfiguration;
			buildSettings = {
				ASSETCATALOG_COMPILER_APPICON_NAME = AppIcon;
				ASSETCATALOG_COMPILER_GLOBAL_ACCENT_COLOR_NAME = AccentColor;
				CODE_SIGN_STYLE = Automatic;
				CURRENT_PROJECT_VERSION = 1;
				DEVELOPMENT_ASSET_PATHS = "\"Learning-SwiftUI/Preview Content\"";
				DEVELOPMENT_TEAM = YMB9NT2NKU;
				ENABLE_PREVIEWS = YES;
				GENERATE_INFOPLIST_FILE = YES;
				INFOPLIST_KEY_UIApplicationSceneManifest_Generation = YES;
				INFOPLIST_KEY_UIApplicationSupportsIndirectInputEvents = YES;
				INFOPLIST_KEY_UILaunchScreen_Generation = YES;
				INFOPLIST_KEY_UISupportedInterfaceOrientations_iPad = "UIInterfaceOrientationPortrait UIInterfaceOrientationPortraitUpsideDown UIInterfaceOrientationLandscapeLeft UIInterfaceOrientationLandscapeRight";
				INFOPLIST_KEY_UISupportedInterfaceOrientations_iPhone = "UIInterfaceOrientationPortrait UIInterfaceOrientationLandscapeLeft UIInterfaceOrientationLandscapeRight";
				LD_RUNPATH_SEARCH_PATHS = (
					"$(inherited)",
					"@executable_path/Frameworks",
				);
				MARKETING_VERSION = 1.0;
				PRODUCT_BUNDLE_IDENTIFIER = "com.atrees.Learning-SwiftUI";
				PRODUCT_NAME = "$(TARGET_NAME)";
				SWIFT_EMIT_LOC_STRINGS = YES;
				SWIFT_VERSION = 5.0;
				TARGETED_DEVICE_FAMILY = "1,2";
			};
			name = Debug;
		};
		1CE188042CADC674005FE9D8 /* Release */ = {
			isa = XCBuildConfiguration;
			buildSettings = {
				ASSETCATALOG_COMPILER_APPICON_NAME = AppIcon;
				ASSETCATALOG_COMPILER_GLOBAL_ACCENT_COLOR_NAME = AccentColor;
				CODE_SIGN_STYLE = Automatic;
				CURRENT_PROJECT_VERSION = 1;
				DEVELOPMENT_ASSET_PATHS = "\"Learning-SwiftUI/Preview Content\"";
				DEVELOPMENT_TEAM = YMB9NT2NKU;
				ENABLE_PREVIEWS = YES;
				GENERATE_INFOPLIST_FILE = YES;
				INFOPLIST_KEY_UIApplicationSceneManifest_Generation = YES;
				INFOPLIST_KEY_UIApplicationSupportsIndirectInputEvents = YES;
				INFOPLIST_KEY_UILaunchScreen_Generation = YES;
				INFOPLIST_KEY_UISupportedInterfaceOrientations_iPad = "UIInterfaceOrientationPortrait UIInterfaceOrientationPortraitUpsideDown UIInterfaceOrientationLandscapeLeft UIInterfaceOrientationLandscapeRight";
				INFOPLIST_KEY_UISupportedInterfaceOrientations_iPhone = "UIInterfaceOrientationPortrait UIInterfaceOrientationLandscapeLeft UIInterfaceOrientationLandscapeRight";
				LD_RUNPATH_SEARCH_PATHS = (
					"$(inherited)",
					"@executable_path/Frameworks",
				);
				MARKETING_VERSION = 1.0;
				PRODUCT_BUNDLE_IDENTIFIER = "com.atrees.Learning-SwiftUI";
				PRODUCT_NAME = "$(TARGET_NAME)";
				SWIFT_EMIT_LOC_STRINGS = YES;
				SWIFT_VERSION = 5.0;
				TARGETED_DEVICE_FAMILY = "1,2";
			};
			name = Release;
		};
/* End XCBuildConfiguration section */

/* Begin XCConfigurationList section */
		1CE187EF2CADC673005FE9D8 /* Build configuration list for PBXProject "Learning-SwiftUI" */ = {
			isa = XCConfigurationList;
			buildConfigurations = (
				1CE188002CADC674005FE9D8 /* Debug */,
				1CE188012CADC674005FE9D8 /* Release */,
			);
			defaultConfigurationIsVisible = 0;
			defaultConfigurationName = Release;
		};
		1CE188022CADC674005FE9D8 /* Build configuration list for PBXNativeTarget "Learning-SwiftUI" */ = {
			isa = XCConfigurationList;
			buildConfigurations = (
				1CE188032CADC674005FE9D8 /* Debug */,
				1CE188042CADC674005FE9D8 /* Release */,
			);
			defaultConfigurationIsVisible = 0;
			defaultConfigurationName = Release;
		};
/* End XCConfigurationList section */
	};
	rootObject = 1CE187EC2CADC673005FE9D8 /* Project object */;
}
